
Microsoft Visual Studio Solution File, Format Version 12.00
# Visual Studio Version 17
VisualStudioVersion = 17.0.31903.59
MinimumVisualStudioVersion = 10.0.40219.1
Project("{FAE04EC0-301F-11D3-BF4B-00C04F79EFBC}") = "FrameAgricultureApi", "FrameAgricultureApi\FrameAgricultureApi.csproj", "{7D935959-D3BE-4EDC-BAEC-541C72741633}"
EndProject
Project("{FAE04EC0-301F-11D3-BF4B-00C04F79EFBC}") = "FrameAgricultureApi.Test", "FrameAgricultureApi.Test\FrameAgricultureApi.Test.csproj", "{5CB86A4A-162D-4A20-9403-5BB89D671BF6}"
EndProject
Project("{FAE04EC0-301F-11D3-BF4B-00C04F79EFBC}") = "FrameAgricultureApi.Infrastructure", "FrameAgricultureApi.Infrastructure\FrameAgricultureApi.Infrastructure.csproj", "{31CC8999-5F40-43C3-9906-B86C16DF026B}"
EndProject
Project("{FAE04EC0-301F-11D3-BF4B-00C04F79EFBC}") = "FrameAgricultureApi.Libraries.CoverCrops", "FrameAgricultureApi.Libraries.CoverCrops\FrameAgricultureApi.Libraries.CoverCrops.csproj", "{9457D328-10A4-4735-9F38-B4AEACEFED07}"
EndProject
Project("{FAE04EC0-301F-11D3-BF4B-00C04F79EFBC}") = "FrameAgricultureApi.Generic", "FrameAgricultureApi.Generic\FrameAgricultureApi.Generic.csproj", "{B2C9C639-CF6B-4339-8343-6E40FA6043AD}"
EndProject
Project("{FAE04EC0-301F-11D3-BF4B-00C04F79EFBC}") = "FrameAgricultureApi.IOClasses", "FrameAgricultureApi.IOClasses\FrameAgricultureApi.IOClasses.csproj", "{0834A90C-F0B2-4D29-A00E-43F65FAE4F58}"
EndProject
Project("{FAE04EC0-301F-11D3-BF4B-00C04F79EFBC}") = "FrameAgricultureApi.Enumerators", "FrameAgricultureApi.Enumerators\FrameAgricultureApi.Enumerators.csproj", "{C61AC05C-2AB4-4784-9659-6B0F31EF3263}"
EndProject
Project("{FAE04EC0-301F-11D3-BF4B-00C04F79EFBC}") = "FrameAgricultureApi.Libraries.LookUps", "FrameAgricultureApi.Libraries.LookUps\FrameAgricultureApi.Libraries.LookUps.csproj", "{1981504B-6BE9-420B-B039-D31B6908FC5B}"
EndProject
Project("{FAE04EC0-301F-11D3-BF4B-00C04F79EFBC}") = "FrameAgricultureApi.Components", "FrameAgricultureApi.Components\FrameAgricultureApi.Components.csproj", "{30C3ABD8-C5F1-4255-A7F5-6556BCB2EBD9}"
EndProject
Project("{FAE04EC0-301F-11D3-BF4B-00C04F79EFBC}") = "FrameAgricultureApi.CustomErrorHandling", "FrameAgricultureApi.CustomErrorHandling\FrameAgricultureApi.CustomErrorHandling.csproj", "{9E4CAC96-9D99-49AF-9F03-EA7F5109A905}"
EndProject
Project("{FAE04EC0-301F-11D3-BF4B-00C04F79EFBC}") = "FrameAgricultureApi.Libraries.CropBurning", "FrameAgricultureApi.Libraries.CropBurning\FrameAgricultureApi.Libraries.CropBurning.csproj", "{21AA7218-0730-4B3E-B83C-67263C2AE8C0}"
EndProject
Project("{FAE04EC0-301F-11D3-BF4B-00C04F79EFBC}") = "FrameAgricultureApi.Libraries.NonGHG", "FrameAgricultureApi.Libraries.NonGHG\FrameAgricultureApi.Libraries.NonGHG.csproj", "{D4D41743-8C00-4097-925F-698A8F1C6DB7}"
EndProject
Project("{FAE04EC0-301F-11D3-BF4B-00C04F79EFBC}") = "FrameAgricultureApi.Libraries.Fertiliser", "FrameAgricultureApi.Libraries.Fertiliser\FrameAgricultureApi.Libraries.Fertiliser.csproj", "{FE8AF47C-80C5-4D53-ACBF-E90628F8B08C}"
EndProject
Project("{FAE04EC0-301F-11D3-BF4B-00C04F79EFBC}") = "FrameAgricultureApi.Libraries.Housing", "FrameAgricultureApi.Libraries.Housing\FrameAgricultureApi.Libraries.Housing.csproj", "{DCA5F673-2547-4C5D-82A6-A1C04F60F7B7}"
EndProject
Project("{FAE04EC0-301F-11D3-BF4B-00C04F79EFBC}") = "FrameAgricultureApi.Libraries.ManureManagement", "FrameAgricultureApi.Libraries.ManureManagement\FrameAgricultureApi.Libraries.ManureManagement.csproj", "{97E5397F-7AD5-4E69-AB58-DAC5DE7FB831}"
EndProject
Project("{FAE04EC0-301F-11D3-BF4B-00C04F79EFBC}") = "FrameAgricultureApi.Libraries.ManureMassVolume", "FrameAgricultureApi.Libraries.ManureMassVolume\FrameAgricultureApi.Libraries.ManureMassVolume.csproj", "{DD7399BB-8074-4DBC-912A-D9CC9F85AE21}"
EndProject
Project("{FAE04EC0-301F-11D3-BF4B-00C04F79EFBC}") = "FrameAgricultureApi.Libraries.OrganicMatterApplication", "FrameAgricultureApi.Libraries.OrganicMatterApplication\FrameAgricultureApi.Libraries.OrganicMatterApplication.csproj", "{639A6931-D1F2-4697-B1D7-F9CDCB14E9AC}"
EndProject
Project("{FAE04EC0-301F-11D3-BF4B-00C04F79EFBC}") = "FrameAgricultureApi.Libraries.OutdoorLivestock", "FrameAgricultureApi.Libraries.OutdoorLivestock\FrameAgricultureApi.Libraries.OutdoorLivestock.csproj", "{DBD7470C-D80C-4308-9068-45E058AD09DD}"
EndProject
Project("{FAE04EC0-301F-11D3-BF4B-00C04F79EFBC}") = "FrameAgricultureApi.Libraries.GrassResidues", "FrameAgricultureApi.Libraries.GrassResidues\FrameAgricultureApi.Libraries.GrassResidues.csproj", "{9527B828-E6E5-41BB-8AC0-726D00765121}"
EndProject
Project("{FAE04EC0-301F-11D3-BF4B-00C04F79EFBC}") = "FrameAgricultureApi.Libraries.CropResidues", "FrameAgricultureApi.Libraries.CropResidues\FrameAgricultureApi.Libraries.CropResidues.csproj", "{B58E6188-E43B-4A7C-AB4B-35976D9FBFA1}"
EndProject
Project("{FAE04EC0-301F-11D3-BF4B-00C04F79EFBC}") = "FrameAgricultureApi.Libraries.Storage", "FrameAgricultureApi.Libraries.Storage\FrameAgricultureApi.Libraries.Storage.csproj", "{DE29D04D-93AB-4BD8-A076-4F39EF923965}"
EndProject
Project("{FAE04EC0-301F-11D3-BF4B-00C04F79EFBC}") = "FrameAgricultureApi.Libraries.YardExcretionLivestock", "FrameAgricultureApi.Libraries.YardExcretionLivestock\FrameAgricultureApi.Libraries.YardExcretionLivestock.csproj", "{AB2A025E-F9CB-4BE7-8BE0-E34D5253889B}"
EndProject
Project("{FAE04EC0-301F-11D3-BF4B-00C04F79EFBC}") = "FrameAgricultureApi.Components.Tests", "FrameAgricultureApi.Components.Tests\FrameAgricultureApi.Components.Tests.csproj", "{0E503762-8133-4165-AF88-91110A86139C}"
EndProject
Project("{FAE04EC0-301F-11D3-BF4B-00C04F79EFBC}") = "FrameAgricultureApi.DataTransferObjects", "FrameAgricultureApi.DataTransferObjects\FrameAgricultureApi.DataTransferObjects.csproj", "{AD2C2073-73B8-4239-B137-4F66585E6ABC}"
EndProject
Project("{FAE04EC0-301F-11D3-BF4B-00C04F79EFBC}") = "FrameAgricultureApi.Libraries.CropResidues.Tests", "FrameAgricultureApi.Libraries.CropResidues.Tests\FrameAgricultureApi.Libraries.CropResidues.Tests.csproj", "{A408D687-1D61-4557-B6C1-98DF52E16D6C}"
EndProject
Project("{FAE04EC0-301F-11D3-BF4B-00C04F79EFBC}") = "FrameAgricultureApi.Libraries.Enteric", "FrameAgricultureApi.Libraries.Enteric\FrameAgricultureApi.Libraries.Enteric.csproj", "{E95661BD-63BC-48AC-98BA-96ABA1995289}"
EndProject
Project("{FAE04EC0-301F-11D3-BF4B-00C04F79EFBC}") = "FrameAgricultureApi.Libraries.Excreta", "FrameAgricultureApi.Libraries.Excreta\FrameAgricultureApi.Libraries.Excreta.csproj", "{39C109B6-A500-41A7-82F1-C7DA736CFC6D}"
EndProject
Project("{FAE04EC0-301F-11D3-BF4B-00C04F79EFBC}") = "FrameAgricultureApi.Libraries.Enteric.Tests", "FrameAgricultureApi.Libraries.Enteric.Tests\FrameAgricultureApi.Libraries.Enteric.Tests.csproj", "{3DCC3C25-F726-435A-AFBC-0C5C7E7CF7B2}"
EndProject
Project("{FAE04EC0-301F-11D3-BF4B-00C04F79EFBC}") = "FrameAgricultureApi.Libraries.Excreta.Tests", "FrameAgricultureApi.Libraries.Excreta.Tests\FrameAgricultureApi.Libraries.Excreta.Tests.csproj", "{B8185E9F-A4E9-43E6-8AF0-DC41FC1F0269}"
EndProject
Project("{FAE04EC0-301F-11D3-BF4B-00C04F79EFBC}") = "FrameAgricultureApi.Libraries.Fertiliser.Tests", "FrameAgricultureApi.Libraries.Fertiliser.Tests\FrameAgricultureApi.Libraries.Fertiliser.Tests.csproj", "{BC75B2B6-A9FA-438E-85CD-F67AF9D18996}"
EndProject
Project("{FAE04EC0-301F-11D3-BF4B-00C04F79EFBC}") = "FrameAgricultureApi.Libraries.Housing.Tests", "FrameAgricultureApi.Libraries.Housing.Tests\FrameAgricultureApi.Libraries.Housing.Tests.csproj", "{BE23AB22-1662-4BEC-BAE1-6DEE7EDBE144}"
EndProject
Project("{FAE04EC0-301F-11D3-BF4B-00C04F79EFBC}") = "FrameAgricultureApi.Libraries.OrganicMatterApplication.Tests", "FrameAgricultureApi.Libraries.OrganicMatterApplication.Tests\FrameAgricultureApi.Libraries.OrganicMatterApplication.Tests.csproj", "{16E8BEC8-9178-4312-9642-F387CAFD5695}"
EndProject
Project("{FAE04EC0-301F-11D3-BF4B-00C04F79EFBC}") = "FrameAgricultureApi.Libraries.OutdoorLivestock.Tests", "FrameAgricultureApi.Libraries.OutdoorLivestock.Tests\FrameAgricultureApi.Libraries.OutdoorLivestock.Tests.csproj", "{75C58C2E-A88A-409F-93C3-8EA9BA13463C}"
EndProject
Project("{FAE04EC0-301F-11D3-BF4B-00C04F79EFBC}") = "FrameAgricultureApi.Libraries.Storage.Tests", "FrameAgricultureApi.Libraries.Storage.Tests\FrameAgricultureApi.Libraries.Storage.Tests.csproj", "{D5479E3F-F28E-4B11-B030-5532315EB9EF}"
EndProject
Project("{FAE04EC0-301F-11D3-BF4B-00C04F79EFBC}") = "FrameAgricultureApi.Libraries.ValidInputChecks", "FrameAgricultureApi.Libraries.ValidInputChecks\FrameAgricultureApi.Libraries.ValidInputChecks.csproj", "{3D8E9F38-DBE5-4F64-8B46-330993D7DC54}"
EndProject
Global
	GlobalSection(SolutionConfigurationPlatforms) = preSolution
		Debug|Any CPU = Debug|Any CPU
		Debug|x64 = Debug|x64
		Debug|x86 = Debug|x86
		Release|Any CPU = Release|Any CPU
		Release|x64 = Release|x64
		Release|x86 = Release|x86
	EndGlobalSection
	GlobalSection(ProjectConfigurationPlatforms) = postSolution
		{7D935959-D3BE-4EDC-BAEC-541C72741633}.Debug|Any CPU.ActiveCfg = Debug|Any CPU
		{7D935959-D3BE-4EDC-BAEC-541C72741633}.Debug|Any CPU.Build.0 = Debug|Any CPU
		{7D935959-D3BE-4EDC-BAEC-541C72741633}.Debug|x64.ActiveCfg = Debug|Any CPU
		{7D935959-D3BE-4EDC-BAEC-541C72741633}.Debug|x64.Build.0 = Debug|Any CPU
		{7D935959-D3BE-4EDC-BAEC-541C72741633}.Debug|x86.ActiveCfg = Debug|Any CPU
		{7D935959-D3BE-4EDC-BAEC-541C72741633}.Debug|x86.Build.0 = Debug|Any CPU
		{7D935959-D3BE-4EDC-BAEC-541C72741633}.Release|Any CPU.ActiveCfg = Release|Any CPU
		{7D935959-D3BE-4EDC-BAEC-541C72741633}.Release|Any CPU.Build.0 = Release|Any CPU
		{7D935959-D3BE-4EDC-BAEC-541C72741633}.Release|x64.ActiveCfg = Release|Any CPU
		{7D935959-D3BE-4EDC-BAEC-541C72741633}.Release|x64.Build.0 = Release|Any CPU
		{7D935959-D3BE-4EDC-BAEC-541C72741633}.Release|x86.ActiveCfg = Release|Any CPU
		{7D935959-D3BE-4EDC-BAEC-541C72741633}.Release|x86.Build.0 = Release|Any CPU
		{5CB86A4A-162D-4A20-9403-5BB89D671BF6}.Debug|Any CPU.ActiveCfg = Debug|Any CPU
		{5CB86A4A-162D-4A20-9403-5BB89D671BF6}.Debug|Any CPU.Build.0 = Debug|Any CPU
		{5CB86A4A-162D-4A20-9403-5BB89D671BF6}.Debug|x64.ActiveCfg = Debug|Any CPU
		{5CB86A4A-162D-4A20-9403-5BB89D671BF6}.Debug|x64.Build.0 = Debug|Any CPU
		{5CB86A4A-162D-4A20-9403-5BB89D671BF6}.Debug|x86.ActiveCfg = Debug|Any CPU
		{5CB86A4A-162D-4A20-9403-5BB89D671BF6}.Debug|x86.Build.0 = Debug|Any CPU
		{5CB86A4A-162D-4A20-9403-5BB89D671BF6}.Release|Any CPU.ActiveCfg = Release|Any CPU
		{5CB86A4A-162D-4A20-9403-5BB89D671BF6}.Release|Any CPU.Build.0 = Release|Any CPU
		{5CB86A4A-162D-4A20-9403-5BB89D671BF6}.Release|x64.ActiveCfg = Release|Any CPU
		{5CB86A4A-162D-4A20-9403-5BB89D671BF6}.Release|x64.Build.0 = Release|Any CPU
		{5CB86A4A-162D-4A20-9403-5BB89D671BF6}.Release|x86.ActiveCfg = Release|Any CPU
		{5CB86A4A-162D-4A20-9403-5BB89D671BF6}.Release|x86.Build.0 = Release|Any CPU
		{31CC8999-5F40-43C3-9906-B86C16DF026B}.Debug|Any CPU.ActiveCfg = Debug|Any CPU
		{31CC8999-5F40-43C3-9906-B86C16DF026B}.Debug|Any CPU.Build.0 = Debug|Any CPU
		{31CC8999-5F40-43C3-9906-B86C16DF026B}.Debug|x64.ActiveCfg = Debug|Any CPU
		{31CC8999-5F40-43C3-9906-B86C16DF026B}.Debug|x64.Build.0 = Debug|Any CPU
		{31CC8999-5F40-43C3-9906-B86C16DF026B}.Debug|x86.ActiveCfg = Debug|Any CPU
		{31CC8999-5F40-43C3-9906-B86C16DF026B}.Debug|x86.Build.0 = Debug|Any CPU
		{31CC8999-5F40-43C3-9906-B86C16DF026B}.Release|Any CPU.ActiveCfg = Release|Any CPU
		{31CC8999-5F40-43C3-9906-B86C16DF026B}.Release|Any CPU.Build.0 = Release|Any CPU
		{31CC8999-5F40-43C3-9906-B86C16DF026B}.Release|x64.ActiveCfg = Release|Any CPU
		{31CC8999-5F40-43C3-9906-B86C16DF026B}.Release|x64.Build.0 = Release|Any CPU
		{31CC8999-5F40-43C3-9906-B86C16DF026B}.Release|x86.ActiveCfg = Release|Any CPU
		{31CC8999-5F40-43C3-9906-B86C16DF026B}.Release|x86.Build.0 = Release|Any CPU
		{9457D328-10A4-4735-9F38-B4AEACEFED07}.Debug|Any CPU.ActiveCfg = Debug|Any CPU
		{9457D328-10A4-4735-9F38-B4AEACEFED07}.Debug|Any CPU.Build.0 = Debug|Any CPU
		{9457D328-10A4-4735-9F38-B4AEACEFED07}.Debug|x64.ActiveCfg = Debug|Any CPU
		{9457D328-10A4-4735-9F38-B4AEACEFED07}.Debug|x64.Build.0 = Debug|Any CPU
		{9457D328-10A4-4735-9F38-B4AEACEFED07}.Debug|x86.ActiveCfg = Debug|Any CPU
		{9457D328-10A4-4735-9F38-B4AEACEFED07}.Debug|x86.Build.0 = Debug|Any CPU
		{9457D328-10A4-4735-9F38-B4AEACEFED07}.Release|Any CPU.ActiveCfg = Release|Any CPU
		{9457D328-10A4-4735-9F38-B4AEACEFED07}.Release|Any CPU.Build.0 = Release|Any CPU
		{9457D328-10A4-4735-9F38-B4AEACEFED07}.Release|x64.ActiveCfg = Release|Any CPU
		{9457D328-10A4-4735-9F38-B4AEACEFED07}.Release|x64.Build.0 = Release|Any CPU
		{9457D328-10A4-4735-9F38-B4AEACEFED07}.Release|x86.ActiveCfg = Release|Any CPU
		{9457D328-10A4-4735-9F38-B4AEACEFED07}.Release|x86.Build.0 = Release|Any CPU
		{B2C9C639-CF6B-4339-8343-6E40FA6043AD}.Debug|Any CPU.ActiveCfg = Debug|Any CPU
		{B2C9C639-CF6B-4339-8343-6E40FA6043AD}.Debug|Any CPU.Build.0 = Debug|Any CPU
		{B2C9C639-CF6B-4339-8343-6E40FA6043AD}.Debug|x64.ActiveCfg = Debug|Any CPU
		{B2C9C639-CF6B-4339-8343-6E40FA6043AD}.Debug|x64.Build.0 = Debug|Any CPU
		{B2C9C639-CF6B-4339-8343-6E40FA6043AD}.Debug|x86.ActiveCfg = Debug|Any CPU
		{B2C9C639-CF6B-4339-8343-6E40FA6043AD}.Debug|x86.Build.0 = Debug|Any CPU
		{B2C9C639-CF6B-4339-8343-6E40FA6043AD}.Release|Any CPU.ActiveCfg = Release|Any CPU
		{B2C9C639-CF6B-4339-8343-6E40FA6043AD}.Release|Any CPU.Build.0 = Release|Any CPU
		{B2C9C639-CF6B-4339-8343-6E40FA6043AD}.Release|x64.ActiveCfg = Release|Any CPU
		{B2C9C639-CF6B-4339-8343-6E40FA6043AD}.Release|x64.Build.0 = Release|Any CPU
		{B2C9C639-CF6B-4339-8343-6E40FA6043AD}.Release|x86.ActiveCfg = Release|Any CPU
		{B2C9C639-CF6B-4339-8343-6E40FA6043AD}.Release|x86.Build.0 = Release|Any CPU
		{0834A90C-F0B2-4D29-A00E-43F65FAE4F58}.Debug|Any CPU.ActiveCfg = Debug|Any CPU
		{0834A90C-F0B2-4D29-A00E-43F65FAE4F58}.Debug|Any CPU.Build.0 = Debug|Any CPU
		{0834A90C-F0B2-4D29-A00E-43F65FAE4F58}.Debug|x64.ActiveCfg = Debug|Any CPU
		{0834A90C-F0B2-4D29-A00E-43F65FAE4F58}.Debug|x64.Build.0 = Debug|Any CPU
		{0834A90C-F0B2-4D29-A00E-43F65FAE4F58}.Debug|x86.ActiveCfg = Debug|Any CPU
		{0834A90C-F0B2-4D29-A00E-43F65FAE4F58}.Debug|x86.Build.0 = Debug|Any CPU
		{0834A90C-F0B2-4D29-A00E-43F65FAE4F58}.Release|Any CPU.ActiveCfg = Release|Any CPU
		{0834A90C-F0B2-4D29-A00E-43F65FAE4F58}.Release|Any CPU.Build.0 = Release|Any CPU
		{0834A90C-F0B2-4D29-A00E-43F65FAE4F58}.Release|x64.ActiveCfg = Release|Any CPU
		{0834A90C-F0B2-4D29-A00E-43F65FAE4F58}.Release|x64.Build.0 = Release|Any CPU
		{0834A90C-F0B2-4D29-A00E-43F65FAE4F58}.Release|x86.ActiveCfg = Release|Any CPU
		{0834A90C-F0B2-4D29-A00E-43F65FAE4F58}.Release|x86.Build.0 = Release|Any CPU
		{C61AC05C-2AB4-4784-9659-6B0F31EF3263}.Debug|Any CPU.ActiveCfg = Debug|Any CPU
		{C61AC05C-2AB4-4784-9659-6B0F31EF3263}.Debug|Any CPU.Build.0 = Debug|Any CPU
		{C61AC05C-2AB4-4784-9659-6B0F31EF3263}.Debug|x64.ActiveCfg = Debug|Any CPU
		{C61AC05C-2AB4-4784-9659-6B0F31EF3263}.Debug|x64.Build.0 = Debug|Any CPU
		{C61AC05C-2AB4-4784-9659-6B0F31EF3263}.Debug|x86.ActiveCfg = Debug|Any CPU
		{C61AC05C-2AB4-4784-9659-6B0F31EF3263}.Debug|x86.Build.0 = Debug|Any CPU
		{C61AC05C-2AB4-4784-9659-6B0F31EF3263}.Release|Any CPU.ActiveCfg = Release|Any CPU
		{C61AC05C-2AB4-4784-9659-6B0F31EF3263}.Release|Any CPU.Build.0 = Release|Any CPU
		{C61AC05C-2AB4-4784-9659-6B0F31EF3263}.Release|x64.ActiveCfg = Release|Any CPU
		{C61AC05C-2AB4-4784-9659-6B0F31EF3263}.Release|x64.Build.0 = Release|Any CPU
		{C61AC05C-2AB4-4784-9659-6B0F31EF3263}.Release|x86.ActiveCfg = Release|Any CPU
		{C61AC05C-2AB4-4784-9659-6B0F31EF3263}.Release|x86.Build.0 = Release|Any CPU
		{1981504B-6BE9-420B-B039-D31B6908FC5B}.Debug|Any CPU.ActiveCfg = Debug|Any CPU
		{1981504B-6BE9-420B-B039-D31B6908FC5B}.Debug|Any CPU.Build.0 = Debug|Any CPU
		{1981504B-6BE9-420B-B039-D31B6908FC5B}.Debug|x64.ActiveCfg = Debug|Any CPU
		{1981504B-6BE9-420B-B039-D31B6908FC5B}.Debug|x64.Build.0 = Debug|Any CPU
		{1981504B-6BE9-420B-B039-D31B6908FC5B}.Debug|x86.ActiveCfg = Debug|Any CPU
		{1981504B-6BE9-420B-B039-D31B6908FC5B}.Debug|x86.Build.0 = Debug|Any CPU
		{1981504B-6BE9-420B-B039-D31B6908FC5B}.Release|Any CPU.ActiveCfg = Release|Any CPU
		{1981504B-6BE9-420B-B039-D31B6908FC5B}.Release|Any CPU.Build.0 = Release|Any CPU
		{1981504B-6BE9-420B-B039-D31B6908FC5B}.Release|x64.ActiveCfg = Release|Any CPU
		{1981504B-6BE9-420B-B039-D31B6908FC5B}.Release|x64.Build.0 = Release|Any CPU
		{1981504B-6BE9-420B-B039-D31B6908FC5B}.Release|x86.ActiveCfg = Release|Any CPU
		{1981504B-6BE9-420B-B039-D31B6908FC5B}.Release|x86.Build.0 = Release|Any CPU
		{30C3ABD8-C5F1-4255-A7F5-6556BCB2EBD9}.Debug|Any CPU.ActiveCfg = Debug|Any CPU
		{30C3ABD8-C5F1-4255-A7F5-6556BCB2EBD9}.Debug|Any CPU.Build.0 = Debug|Any CPU
		{30C3ABD8-C5F1-4255-A7F5-6556BCB2EBD9}.Debug|x64.ActiveCfg = Debug|Any CPU
		{30C3ABD8-C5F1-4255-A7F5-6556BCB2EBD9}.Debug|x64.Build.0 = Debug|Any CPU
		{30C3ABD8-C5F1-4255-A7F5-6556BCB2EBD9}.Debug|x86.ActiveCfg = Debug|Any CPU
		{30C3ABD8-C5F1-4255-A7F5-6556BCB2EBD9}.Debug|x86.Build.0 = Debug|Any CPU
		{30C3ABD8-C5F1-4255-A7F5-6556BCB2EBD9}.Release|Any CPU.ActiveCfg = Release|Any CPU
		{30C3ABD8-C5F1-4255-A7F5-6556BCB2EBD9}.Release|Any CPU.Build.0 = Release|Any CPU
		{30C3ABD8-C5F1-4255-A7F5-6556BCB2EBD9}.Release|x64.ActiveCfg = Release|Any CPU
		{30C3ABD8-C5F1-4255-A7F5-6556BCB2EBD9}.Release|x64.Build.0 = Release|Any CPU
		{30C3ABD8-C5F1-4255-A7F5-6556BCB2EBD9}.Release|x86.ActiveCfg = Release|Any CPU
		{30C3ABD8-C5F1-4255-A7F5-6556BCB2EBD9}.Release|x86.Build.0 = Release|Any CPU
		{9E4CAC96-9D99-49AF-9F03-EA7F5109A905}.Debug|Any CPU.ActiveCfg = Debug|Any CPU
		{9E4CAC96-9D99-49AF-9F03-EA7F5109A905}.Debug|Any CPU.Build.0 = Debug|Any CPU
		{9E4CAC96-9D99-49AF-9F03-EA7F5109A905}.Debug|x64.ActiveCfg = Debug|Any CPU
		{9E4CAC96-9D99-49AF-9F03-EA7F5109A905}.Debug|x64.Build.0 = Debug|Any CPU
		{9E4CAC96-9D99-49AF-9F03-EA7F5109A905}.Debug|x86.ActiveCfg = Debug|Any CPU
		{9E4CAC96-9D99-49AF-9F03-EA7F5109A905}.Debug|x86.Build.0 = Debug|Any CPU
		{9E4CAC96-9D99-49AF-9F03-EA7F5109A905}.Release|Any CPU.ActiveCfg = Release|Any CPU
		{9E4CAC96-9D99-49AF-9F03-EA7F5109A905}.Release|Any CPU.Build.0 = Release|Any CPU
		{9E4CAC96-9D99-49AF-9F03-EA7F5109A905}.Release|x64.ActiveCfg = Release|Any CPU
		{9E4CAC96-9D99-49AF-9F03-EA7F5109A905}.Release|x64.Build.0 = Release|Any CPU
		{9E4CAC96-9D99-49AF-9F03-EA7F5109A905}.Release|x86.ActiveCfg = Release|Any CPU
		{9E4CAC96-9D99-49AF-9F03-EA7F5109A905}.Release|x86.Build.0 = Release|Any CPU
		{21AA7218-0730-4B3E-B83C-67263C2AE8C0}.Debug|Any CPU.ActiveCfg = Debug|Any CPU
		{21AA7218-0730-4B3E-B83C-67263C2AE8C0}.Debug|Any CPU.Build.0 = Debug|Any CPU
		{21AA7218-0730-4B3E-B83C-67263C2AE8C0}.Debug|x64.ActiveCfg = Debug|Any CPU
		{21AA7218-0730-4B3E-B83C-67263C2AE8C0}.Debug|x64.Build.0 = Debug|Any CPU
		{21AA7218-0730-4B3E-B83C-67263C2AE8C0}.Debug|x86.ActiveCfg = Debug|Any CPU
		{21AA7218-0730-4B3E-B83C-67263C2AE8C0}.Debug|x86.Build.0 = Debug|Any CPU
		{21AA7218-0730-4B3E-B83C-67263C2AE8C0}.Release|Any CPU.ActiveCfg = Release|Any CPU
		{21AA7218-0730-4B3E-B83C-67263C2AE8C0}.Release|Any CPU.Build.0 = Release|Any CPU
		{21AA7218-0730-4B3E-B83C-67263C2AE8C0}.Release|x64.ActiveCfg = Release|Any CPU
		{21AA7218-0730-4B3E-B83C-67263C2AE8C0}.Release|x64.Build.0 = Release|Any CPU
		{21AA7218-0730-4B3E-B83C-67263C2AE8C0}.Release|x86.ActiveCfg = Release|Any CPU
		{21AA7218-0730-4B3E-B83C-67263C2AE8C0}.Release|x86.Build.0 = Release|Any CPU
		{D4D41743-8C00-4097-925F-698A8F1C6DB7}.Debug|Any CPU.ActiveCfg = Debug|Any CPU
		{D4D41743-8C00-4097-925F-698A8F1C6DB7}.Debug|Any CPU.Build.0 = Debug|Any CPU
		{D4D41743-8C00-4097-925F-698A8F1C6DB7}.Debug|x64.ActiveCfg = Debug|Any CPU
		{D4D41743-8C00-4097-925F-698A8F1C6DB7}.Debug|x64.Build.0 = Debug|Any CPU
		{D4D41743-8C00-4097-925F-698A8F1C6DB7}.Debug|x86.ActiveCfg = Debug|Any CPU
		{D4D41743-8C00-4097-925F-698A8F1C6DB7}.Debug|x86.Build.0 = Debug|Any CPU
		{D4D41743-8C00-4097-925F-698A8F1C6DB7}.Release|Any CPU.ActiveCfg = Release|Any CPU
		{D4D41743-8C00-4097-925F-698A8F1C6DB7}.Release|Any CPU.Build.0 = Release|Any CPU
		{D4D41743-8C00-4097-925F-698A8F1C6DB7}.Release|x64.ActiveCfg = Release|Any CPU
		{D4D41743-8C00-4097-925F-698A8F1C6DB7}.Release|x64.Build.0 = Release|Any CPU
		{D4D41743-8C00-4097-925F-698A8F1C6DB7}.Release|x86.ActiveCfg = Release|Any CPU
		{D4D41743-8C00-4097-925F-698A8F1C6DB7}.Release|x86.Build.0 = Release|Any CPU
		{FE8AF47C-80C5-4D53-ACBF-E90628F8B08C}.Debug|Any CPU.ActiveCfg = Debug|Any CPU
		{FE8AF47C-80C5-4D53-ACBF-E90628F8B08C}.Debug|Any CPU.Build.0 = Debug|Any CPU
		{FE8AF47C-80C5-4D53-ACBF-E90628F8B08C}.Debug|x64.ActiveCfg = Debug|Any CPU
		{FE8AF47C-80C5-4D53-ACBF-E90628F8B08C}.Debug|x64.Build.0 = Debug|Any CPU
		{FE8AF47C-80C5-4D53-ACBF-E90628F8B08C}.Debug|x86.ActiveCfg = Debug|Any CPU
		{FE8AF47C-80C5-4D53-ACBF-E90628F8B08C}.Debug|x86.Build.0 = Debug|Any CPU
		{FE8AF47C-80C5-4D53-ACBF-E90628F8B08C}.Release|Any CPU.ActiveCfg = Release|Any CPU
		{FE8AF47C-80C5-4D53-ACBF-E90628F8B08C}.Release|Any CPU.Build.0 = Release|Any CPU
		{FE8AF47C-80C5-4D53-ACBF-E90628F8B08C}.Release|x64.ActiveCfg = Release|Any CPU
		{FE8AF47C-80C5-4D53-ACBF-E90628F8B08C}.Release|x64.Build.0 = Release|Any CPU
		{FE8AF47C-80C5-4D53-ACBF-E90628F8B08C}.Release|x86.ActiveCfg = Release|Any CPU
		{FE8AF47C-80C5-4D53-ACBF-E90628F8B08C}.Release|x86.Build.0 = Release|Any CPU
		{DCA5F673-2547-4C5D-82A6-A1C04F60F7B7}.Debug|Any CPU.ActiveCfg = Debug|Any CPU
		{DCA5F673-2547-4C5D-82A6-A1C04F60F7B7}.Debug|Any CPU.Build.0 = Debug|Any CPU
		{DCA5F673-2547-4C5D-82A6-A1C04F60F7B7}.Debug|x64.ActiveCfg = Debug|Any CPU
		{DCA5F673-2547-4C5D-82A6-A1C04F60F7B7}.Debug|x64.Build.0 = Debug|Any CPU
		{DCA5F673-2547-4C5D-82A6-A1C04F60F7B7}.Debug|x86.ActiveCfg = Debug|Any CPU
		{DCA5F673-2547-4C5D-82A6-A1C04F60F7B7}.Debug|x86.Build.0 = Debug|Any CPU
		{DCA5F673-2547-4C5D-82A6-A1C04F60F7B7}.Release|Any CPU.ActiveCfg = Release|Any CPU
		{DCA5F673-2547-4C5D-82A6-A1C04F60F7B7}.Release|Any CPU.Build.0 = Release|Any CPU
		{DCA5F673-2547-4C5D-82A6-A1C04F60F7B7}.Release|x64.ActiveCfg = Release|Any CPU
		{DCA5F673-2547-4C5D-82A6-A1C04F60F7B7}.Release|x64.Build.0 = Release|Any CPU
		{DCA5F673-2547-4C5D-82A6-A1C04F60F7B7}.Release|x86.ActiveCfg = Release|Any CPU
		{DCA5F673-2547-4C5D-82A6-A1C04F60F7B7}.Release|x86.Build.0 = Release|Any CPU
		{97E5397F-7AD5-4E69-AB58-DAC5DE7FB831}.Debug|Any CPU.ActiveCfg = Debug|Any CPU
		{97E5397F-7AD5-4E69-AB58-DAC5DE7FB831}.Debug|Any CPU.Build.0 = Debug|Any CPU
		{97E5397F-7AD5-4E69-AB58-DAC5DE7FB831}.Debug|x64.ActiveCfg = Debug|Any CPU
		{97E5397F-7AD5-4E69-AB58-DAC5DE7FB831}.Debug|x64.Build.0 = Debug|Any CPU
		{97E5397F-7AD5-4E69-AB58-DAC5DE7FB831}.Debug|x86.ActiveCfg = Debug|Any CPU
		{97E5397F-7AD5-4E69-AB58-DAC5DE7FB831}.Debug|x86.Build.0 = Debug|Any CPU
		{97E5397F-7AD5-4E69-AB58-DAC5DE7FB831}.Release|Any CPU.ActiveCfg = Release|Any CPU
		{97E5397F-7AD5-4E69-AB58-DAC5DE7FB831}.Release|Any CPU.Build.0 = Release|Any CPU
		{97E5397F-7AD5-4E69-AB58-DAC5DE7FB831}.Release|x64.ActiveCfg = Release|Any CPU
		{97E5397F-7AD5-4E69-AB58-DAC5DE7FB831}.Release|x64.Build.0 = Release|Any CPU
		{97E5397F-7AD5-4E69-AB58-DAC5DE7FB831}.Release|x86.ActiveCfg = Release|Any CPU
		{97E5397F-7AD5-4E69-AB58-DAC5DE7FB831}.Release|x86.Build.0 = Release|Any CPU
		{DD7399BB-8074-4DBC-912A-D9CC9F85AE21}.Debug|Any CPU.ActiveCfg = Debug|Any CPU
		{DD7399BB-8074-4DBC-912A-D9CC9F85AE21}.Debug|Any CPU.Build.0 = Debug|Any CPU
		{DD7399BB-8074-4DBC-912A-D9CC9F85AE21}.Debug|x64.ActiveCfg = Debug|Any CPU
		{DD7399BB-8074-4DBC-912A-D9CC9F85AE21}.Debug|x64.Build.0 = Debug|Any CPU
		{DD7399BB-8074-4DBC-912A-D9CC9F85AE21}.Debug|x86.ActiveCfg = Debug|Any CPU
		{DD7399BB-8074-4DBC-912A-D9CC9F85AE21}.Debug|x86.Build.0 = Debug|Any CPU
		{DD7399BB-8074-4DBC-912A-D9CC9F85AE21}.Release|Any CPU.ActiveCfg = Release|Any CPU
		{DD7399BB-8074-4DBC-912A-D9CC9F85AE21}.Release|Any CPU.Build.0 = Release|Any CPU
		{DD7399BB-8074-4DBC-912A-D9CC9F85AE21}.Release|x64.ActiveCfg = Release|Any CPU
		{DD7399BB-8074-4DBC-912A-D9CC9F85AE21}.Release|x64.Build.0 = Release|Any CPU
		{DD7399BB-8074-4DBC-912A-D9CC9F85AE21}.Release|x86.ActiveCfg = Release|Any CPU
		{DD7399BB-8074-4DBC-912A-D9CC9F85AE21}.Release|x86.Build.0 = Release|Any CPU
		{639A6931-D1F2-4697-B1D7-F9CDCB14E9AC}.Debug|Any CPU.ActiveCfg = Debug|Any CPU
		{639A6931-D1F2-4697-B1D7-F9CDCB14E9AC}.Debug|Any CPU.Build.0 = Debug|Any CPU
		{639A6931-D1F2-4697-B1D7-F9CDCB14E9AC}.Debug|x64.ActiveCfg = Debug|Any CPU
		{639A6931-D1F2-4697-B1D7-F9CDCB14E9AC}.Debug|x64.Build.0 = Debug|Any CPU
		{639A6931-D1F2-4697-B1D7-F9CDCB14E9AC}.Debug|x86.ActiveCfg = Debug|Any CPU
		{639A6931-D1F2-4697-B1D7-F9CDCB14E9AC}.Debug|x86.Build.0 = Debug|Any CPU
		{639A6931-D1F2-4697-B1D7-F9CDCB14E9AC}.Release|Any CPU.ActiveCfg = Release|Any CPU
		{639A6931-D1F2-4697-B1D7-F9CDCB14E9AC}.Release|Any CPU.Build.0 = Release|Any CPU
		{639A6931-D1F2-4697-B1D7-F9CDCB14E9AC}.Release|x64.ActiveCfg = Release|Any CPU
		{639A6931-D1F2-4697-B1D7-F9CDCB14E9AC}.Release|x64.Build.0 = Release|Any CPU
		{639A6931-D1F2-4697-B1D7-F9CDCB14E9AC}.Release|x86.ActiveCfg = Release|Any CPU
		{639A6931-D1F2-4697-B1D7-F9CDCB14E9AC}.Release|x86.Build.0 = Release|Any CPU
		{DBD7470C-D80C-4308-9068-45E058AD09DD}.Debug|Any CPU.ActiveCfg = Debug|Any CPU
		{DBD7470C-D80C-4308-9068-45E058AD09DD}.Debug|Any CPU.Build.0 = Debug|Any CPU
		{DBD7470C-D80C-4308-9068-45E058AD09DD}.Debug|x64.ActiveCfg = Debug|Any CPU
		{DBD7470C-D80C-4308-9068-45E058AD09DD}.Debug|x64.Build.0 = Debug|Any CPU
		{DBD7470C-D80C-4308-9068-45E058AD09DD}.Debug|x86.ActiveCfg = Debug|Any CPU
		{DBD7470C-D80C-4308-9068-45E058AD09DD}.Debug|x86.Build.0 = Debug|Any CPU
		{DBD7470C-D80C-4308-9068-45E058AD09DD}.Release|Any CPU.ActiveCfg = Release|Any CPU
		{DBD7470C-D80C-4308-9068-45E058AD09DD}.Release|Any CPU.Build.0 = Release|Any CPU
		{DBD7470C-D80C-4308-9068-45E058AD09DD}.Release|x64.ActiveCfg = Release|Any CPU
		{DBD7470C-D80C-4308-9068-45E058AD09DD}.Release|x64.Build.0 = Release|Any CPU
		{DBD7470C-D80C-4308-9068-45E058AD09DD}.Release|x86.ActiveCfg = Release|Any CPU
		{DBD7470C-D80C-4308-9068-45E058AD09DD}.Release|x86.Build.0 = Release|Any CPU
		{9527B828-E6E5-41BB-8AC0-726D00765121}.Debug|Any CPU.ActiveCfg = Debug|Any CPU
		{9527B828-E6E5-41BB-8AC0-726D00765121}.Debug|Any CPU.Build.0 = Debug|Any CPU
		{9527B828-E6E5-41BB-8AC0-726D00765121}.Debug|x64.ActiveCfg = Debug|Any CPU
		{9527B828-E6E5-41BB-8AC0-726D00765121}.Debug|x64.Build.0 = Debug|Any CPU
		{9527B828-E6E5-41BB-8AC0-726D00765121}.Debug|x86.ActiveCfg = Debug|Any CPU
		{9527B828-E6E5-41BB-8AC0-726D00765121}.Debug|x86.Build.0 = Debug|Any CPU
		{9527B828-E6E5-41BB-8AC0-726D00765121}.Release|Any CPU.ActiveCfg = Release|Any CPU
		{9527B828-E6E5-41BB-8AC0-726D00765121}.Release|Any CPU.Build.0 = Release|Any CPU
		{9527B828-E6E5-41BB-8AC0-726D00765121}.Release|x64.ActiveCfg = Release|Any CPU
		{9527B828-E6E5-41BB-8AC0-726D00765121}.Release|x64.Build.0 = Release|Any CPU
		{9527B828-E6E5-41BB-8AC0-726D00765121}.Release|x86.ActiveCfg = Release|Any CPU
		{9527B828-E6E5-41BB-8AC0-726D00765121}.Release|x86.Build.0 = Release|Any CPU
		{B58E6188-E43B-4A7C-AB4B-35976D9FBFA1}.Debug|Any CPU.ActiveCfg = Debug|Any CPU
		{B58E6188-E43B-4A7C-AB4B-35976D9FBFA1}.Debug|Any CPU.Build.0 = Debug|Any CPU
		{B58E6188-E43B-4A7C-AB4B-35976D9FBFA1}.Debug|x64.ActiveCfg = Debug|Any CPU
		{B58E6188-E43B-4A7C-AB4B-35976D9FBFA1}.Debug|x64.Build.0 = Debug|Any CPU
		{B58E6188-E43B-4A7C-AB4B-35976D9FBFA1}.Debug|x86.ActiveCfg = Debug|Any CPU
		{B58E6188-E43B-4A7C-AB4B-35976D9FBFA1}.Debug|x86.Build.0 = Debug|Any CPU
		{B58E6188-E43B-4A7C-AB4B-35976D9FBFA1}.Release|Any CPU.ActiveCfg = Release|Any CPU
		{B58E6188-E43B-4A7C-AB4B-35976D9FBFA1}.Release|Any CPU.Build.0 = Release|Any CPU
		{B58E6188-E43B-4A7C-AB4B-35976D9FBFA1}.Release|x64.ActiveCfg = Release|Any CPU
		{B58E6188-E43B-4A7C-AB4B-35976D9FBFA1}.Release|x64.Build.0 = Release|Any CPU
		{B58E6188-E43B-4A7C-AB4B-35976D9FBFA1}.Release|x86.ActiveCfg = Release|Any CPU
		{B58E6188-E43B-4A7C-AB4B-35976D9FBFA1}.Release|x86.Build.0 = Release|Any CPU
		{DE29D04D-93AB-4BD8-A076-4F39EF923965}.Debug|Any CPU.ActiveCfg = Debug|Any CPU
		{DE29D04D-93AB-4BD8-A076-4F39EF923965}.Debug|Any CPU.Build.0 = Debug|Any CPU
		{DE29D04D-93AB-4BD8-A076-4F39EF923965}.Debug|x64.ActiveCfg = Debug|Any CPU
		{DE29D04D-93AB-4BD8-A076-4F39EF923965}.Debug|x64.Build.0 = Debug|Any CPU
		{DE29D04D-93AB-4BD8-A076-4F39EF923965}.Debug|x86.ActiveCfg = Debug|Any CPU
		{DE29D04D-93AB-4BD8-A076-4F39EF923965}.Debug|x86.Build.0 = Debug|Any CPU
		{DE29D04D-93AB-4BD8-A076-4F39EF923965}.Release|Any CPU.ActiveCfg = Release|Any CPU
		{DE29D04D-93AB-4BD8-A076-4F39EF923965}.Release|Any CPU.Build.0 = Release|Any CPU
		{DE29D04D-93AB-4BD8-A076-4F39EF923965}.Release|x64.ActiveCfg = Release|Any CPU
		{DE29D04D-93AB-4BD8-A076-4F39EF923965}.Release|x64.Build.0 = Release|Any CPU
		{DE29D04D-93AB-4BD8-A076-4F39EF923965}.Release|x86.ActiveCfg = Release|Any CPU
		{DE29D04D-93AB-4BD8-A076-4F39EF923965}.Release|x86.Build.0 = Release|Any CPU
		{AB2A025E-F9CB-4BE7-8BE0-E34D5253889B}.Debug|Any CPU.ActiveCfg = Debug|Any CPU
		{AB2A025E-F9CB-4BE7-8BE0-E34D5253889B}.Debug|Any CPU.Build.0 = Debug|Any CPU
		{AB2A025E-F9CB-4BE7-8BE0-E34D5253889B}.Debug|x64.ActiveCfg = Debug|Any CPU
		{AB2A025E-F9CB-4BE7-8BE0-E34D5253889B}.Debug|x64.Build.0 = Debug|Any CPU
		{AB2A025E-F9CB-4BE7-8BE0-E34D5253889B}.Debug|x86.ActiveCfg = Debug|Any CPU
		{AB2A025E-F9CB-4BE7-8BE0-E34D5253889B}.Debug|x86.Build.0 = Debug|Any CPU
		{AB2A025E-F9CB-4BE7-8BE0-E34D5253889B}.Release|Any CPU.ActiveCfg = Release|Any CPU
		{AB2A025E-F9CB-4BE7-8BE0-E34D5253889B}.Release|Any CPU.Build.0 = Release|Any CPU
		{AB2A025E-F9CB-4BE7-8BE0-E34D5253889B}.Release|x64.ActiveCfg = Release|Any CPU
		{AB2A025E-F9CB-4BE7-8BE0-E34D5253889B}.Release|x64.Build.0 = Release|Any CPU
		{AB2A025E-F9CB-4BE7-8BE0-E34D5253889B}.Release|x86.ActiveCfg = Release|Any CPU
		{AB2A025E-F9CB-4BE7-8BE0-E34D5253889B}.Release|x86.Build.0 = Release|Any CPU
		{0E503762-8133-4165-AF88-91110A86139C}.Debug|Any CPU.ActiveCfg = Debug|Any CPU
		{0E503762-8133-4165-AF88-91110A86139C}.Debug|Any CPU.Build.0 = Debug|Any CPU
		{0E503762-8133-4165-AF88-91110A86139C}.Debug|x64.ActiveCfg = Debug|Any CPU
		{0E503762-8133-4165-AF88-91110A86139C}.Debug|x64.Build.0 = Debug|Any CPU
		{0E503762-8133-4165-AF88-91110A86139C}.Debug|x86.ActiveCfg = Debug|Any CPU
		{0E503762-8133-4165-AF88-91110A86139C}.Debug|x86.Build.0 = Debug|Any CPU
		{0E503762-8133-4165-AF88-91110A86139C}.Release|Any CPU.ActiveCfg = Release|Any CPU
		{0E503762-8133-4165-AF88-91110A86139C}.Release|Any CPU.Build.0 = Release|Any CPU
		{0E503762-8133-4165-AF88-91110A86139C}.Release|x64.ActiveCfg = Release|Any CPU
		{0E503762-8133-4165-AF88-91110A86139C}.Release|x64.Build.0 = Release|Any CPU
		{0E503762-8133-4165-AF88-91110A86139C}.Release|x86.ActiveCfg = Release|Any CPU
		{0E503762-8133-4165-AF88-91110A86139C}.Release|x86.Build.0 = Release|Any CPU
		{AD2C2073-73B8-4239-B137-4F66585E6ABC}.Debug|Any CPU.ActiveCfg = Debug|Any CPU
		{AD2C2073-73B8-4239-B137-4F66585E6ABC}.Debug|Any CPU.Build.0 = Debug|Any CPU
		{AD2C2073-73B8-4239-B137-4F66585E6ABC}.Debug|x64.ActiveCfg = Debug|Any CPU
		{AD2C2073-73B8-4239-B137-4F66585E6ABC}.Debug|x64.Build.0 = Debug|Any CPU
		{AD2C2073-73B8-4239-B137-4F66585E6ABC}.Debug|x86.ActiveCfg = Debug|Any CPU
		{AD2C2073-73B8-4239-B137-4F66585E6ABC}.Debug|x86.Build.0 = Debug|Any CPU
		{AD2C2073-73B8-4239-B137-4F66585E6ABC}.Release|Any CPU.ActiveCfg = Release|Any CPU
		{AD2C2073-73B8-4239-B137-4F66585E6ABC}.Release|Any CPU.Build.0 = Release|Any CPU
		{AD2C2073-73B8-4239-B137-4F66585E6ABC}.Release|x64.ActiveCfg = Release|Any CPU
		{AD2C2073-73B8-4239-B137-4F66585E6ABC}.Release|x64.Build.0 = Release|Any CPU
		{AD2C2073-73B8-4239-B137-4F66585E6ABC}.Release|x86.ActiveCfg = Release|Any CPU
		{AD2C2073-73B8-4239-B137-4F66585E6ABC}.Release|x86.Build.0 = Release|Any CPU
		{A408D687-1D61-4557-B6C1-98DF52E16D6C}.Debug|Any CPU.ActiveCfg = Debug|Any CPU
		{A408D687-1D61-4557-B6C1-98DF52E16D6C}.Debug|Any CPU.Build.0 = Debug|Any CPU
		{A408D687-1D61-4557-B6C1-98DF52E16D6C}.Debug|x64.ActiveCfg = Debug|Any CPU
		{A408D687-1D61-4557-B6C1-98DF52E16D6C}.Debug|x64.Build.0 = Debug|Any CPU
		{A408D687-1D61-4557-B6C1-98DF52E16D6C}.Debug|x86.ActiveCfg = Debug|Any CPU
		{A408D687-1D61-4557-B6C1-98DF52E16D6C}.Debug|x86.Build.0 = Debug|Any CPU
		{A408D687-1D61-4557-B6C1-98DF52E16D6C}.Release|Any CPU.ActiveCfg = Release|Any CPU
		{A408D687-1D61-4557-B6C1-98DF52E16D6C}.Release|Any CPU.Build.0 = Release|Any CPU
		{A408D687-1D61-4557-B6C1-98DF52E16D6C}.Release|x64.ActiveCfg = Release|Any CPU
		{A408D687-1D61-4557-B6C1-98DF52E16D6C}.Release|x64.Build.0 = Release|Any CPU
		{A408D687-1D61-4557-B6C1-98DF52E16D6C}.Release|x86.ActiveCfg = Release|Any CPU
		{A408D687-1D61-4557-B6C1-98DF52E16D6C}.Release|x86.Build.0 = Release|Any CPU
		{E95661BD-63BC-48AC-98BA-96ABA1995289}.Debug|Any CPU.ActiveCfg = Debug|Any CPU
		{E95661BD-63BC-48AC-98BA-96ABA1995289}.Debug|Any CPU.Build.0 = Debug|Any CPU
		{E95661BD-63BC-48AC-98BA-96ABA1995289}.Debug|x64.ActiveCfg = Debug|Any CPU
		{E95661BD-63BC-48AC-98BA-96ABA1995289}.Debug|x64.Build.0 = Debug|Any CPU
		{E95661BD-63BC-48AC-98BA-96ABA1995289}.Debug|x86.ActiveCfg = Debug|Any CPU
		{E95661BD-63BC-48AC-98BA-96ABA1995289}.Debug|x86.Build.0 = Debug|Any CPU
		{E95661BD-63BC-48AC-98BA-96ABA1995289}.Release|Any CPU.ActiveCfg = Release|Any CPU
		{E95661BD-63BC-48AC-98BA-96ABA1995289}.Release|Any CPU.Build.0 = Release|Any CPU
		{E95661BD-63BC-48AC-98BA-96ABA1995289}.Release|x64.ActiveCfg = Release|Any CPU
		{E95661BD-63BC-48AC-98BA-96ABA1995289}.Release|x64.Build.0 = Release|Any CPU
		{E95661BD-63BC-48AC-98BA-96ABA1995289}.Release|x86.ActiveCfg = Release|Any CPU
		{E95661BD-63BC-48AC-98BA-96ABA1995289}.Release|x86.Build.0 = Release|Any CPU
		{39C109B6-A500-41A7-82F1-C7DA736CFC6D}.Debug|Any CPU.ActiveCfg = Debug|Any CPU
		{39C109B6-A500-41A7-82F1-C7DA736CFC6D}.Debug|Any CPU.Build.0 = Debug|Any CPU
		{39C109B6-A500-41A7-82F1-C7DA736CFC6D}.Debug|x64.ActiveCfg = Debug|Any CPU
		{39C109B6-A500-41A7-82F1-C7DA736CFC6D}.Debug|x64.Build.0 = Debug|Any CPU
		{39C109B6-A500-41A7-82F1-C7DA736CFC6D}.Debug|x86.ActiveCfg = Debug|Any CPU
		{39C109B6-A500-41A7-82F1-C7DA736CFC6D}.Debug|x86.Build.0 = Debug|Any CPU
		{39C109B6-A500-41A7-82F1-C7DA736CFC6D}.Release|Any CPU.ActiveCfg = Release|Any CPU
		{39C109B6-A500-41A7-82F1-C7DA736CFC6D}.Release|Any CPU.Build.0 = Release|Any CPU
		{39C109B6-A500-41A7-82F1-C7DA736CFC6D}.Release|x64.ActiveCfg = Release|Any CPU
		{39C109B6-A500-41A7-82F1-C7DA736CFC6D}.Release|x64.Build.0 = Release|Any CPU
		{39C109B6-A500-41A7-82F1-C7DA736CFC6D}.Release|x86.ActiveCfg = Release|Any CPU
		{39C109B6-A500-41A7-82F1-C7DA736CFC6D}.Release|x86.Build.0 = Release|Any CPU
		{3DCC3C25-F726-435A-AFBC-0C5C7E7CF7B2}.Debug|Any CPU.ActiveCfg = Debug|Any CPU
		{3DCC3C25-F726-435A-AFBC-0C5C7E7CF7B2}.Debug|Any CPU.Build.0 = Debug|Any CPU
		{3DCC3C25-F726-435A-AFBC-0C5C7E7CF7B2}.Debug|x64.ActiveCfg = Debug|Any CPU
		{3DCC3C25-F726-435A-AFBC-0C5C7E7CF7B2}.Debug|x64.Build.0 = Debug|Any CPU
		{3DCC3C25-F726-435A-AFBC-0C5C7E7CF7B2}.Debug|x86.ActiveCfg = Debug|Any CPU
		{3DCC3C25-F726-435A-AFBC-0C5C7E7CF7B2}.Debug|x86.Build.0 = Debug|Any CPU
		{3DCC3C25-F726-435A-AFBC-0C5C7E7CF7B2}.Release|Any CPU.ActiveCfg = Release|Any CPU
		{3DCC3C25-F726-435A-AFBC-0C5C7E7CF7B2}.Release|Any CPU.Build.0 = Release|Any CPU
		{3DCC3C25-F726-435A-AFBC-0C5C7E7CF7B2}.Release|x64.ActiveCfg = Release|Any CPU
		{3DCC3C25-F726-435A-AFBC-0C5C7E7CF7B2}.Release|x64.Build.0 = Release|Any CPU
		{3DCC3C25-F726-435A-AFBC-0C5C7E7CF7B2}.Release|x86.ActiveCfg = Release|Any CPU
		{3DCC3C25-F726-435A-AFBC-0C5C7E7CF7B2}.Release|x86.Build.0 = Release|Any CPU
		{B8185E9F-A4E9-43E6-8AF0-DC41FC1F0269}.Debug|Any CPU.ActiveCfg = Debug|Any CPU
		{B8185E9F-A4E9-43E6-8AF0-DC41FC1F0269}.Debug|Any CPU.Build.0 = Debug|Any CPU
		{B8185E9F-A4E9-43E6-8AF0-DC41FC1F0269}.Debug|x64.ActiveCfg = Debug|Any CPU
		{B8185E9F-A4E9-43E6-8AF0-DC41FC1F0269}.Debug|x64.Build.0 = Debug|Any CPU
		{B8185E9F-A4E9-43E6-8AF0-DC41FC1F0269}.Debug|x86.ActiveCfg = Debug|Any CPU
		{B8185E9F-A4E9-43E6-8AF0-DC41FC1F0269}.Debug|x86.Build.0 = Debug|Any CPU
		{B8185E9F-A4E9-43E6-8AF0-DC41FC1F0269}.Release|Any CPU.ActiveCfg = Release|Any CPU
		{B8185E9F-A4E9-43E6-8AF0-DC41FC1F0269}.Release|Any CPU.Build.0 = Release|Any CPU
		{B8185E9F-A4E9-43E6-8AF0-DC41FC1F0269}.Release|x64.ActiveCfg = Release|Any CPU
		{B8185E9F-A4E9-43E6-8AF0-DC41FC1F0269}.Release|x64.Build.0 = Release|Any CPU
		{B8185E9F-A4E9-43E6-8AF0-DC41FC1F0269}.Release|x86.ActiveCfg = Release|Any CPU
		{B8185E9F-A4E9-43E6-8AF0-DC41FC1F0269}.Release|x86.Build.0 = Release|Any CPU
		{BC75B2B6-A9FA-438E-85CD-F67AF9D18996}.Debug|Any CPU.ActiveCfg = Debug|Any CPU
		{BC75B2B6-A9FA-438E-85CD-F67AF9D18996}.Debug|Any CPU.Build.0 = Debug|Any CPU
		{BC75B2B6-A9FA-438E-85CD-F67AF9D18996}.Debug|x64.ActiveCfg = Debug|Any CPU
		{BC75B2B6-A9FA-438E-85CD-F67AF9D18996}.Debug|x64.Build.0 = Debug|Any CPU
		{BC75B2B6-A9FA-438E-85CD-F67AF9D18996}.Debug|x86.ActiveCfg = Debug|Any CPU
		{BC75B2B6-A9FA-438E-85CD-F67AF9D18996}.Debug|x86.Build.0 = Debug|Any CPU
		{BC75B2B6-A9FA-438E-85CD-F67AF9D18996}.Release|Any CPU.ActiveCfg = Release|Any CPU
		{BC75B2B6-A9FA-438E-85CD-F67AF9D18996}.Release|Any CPU.Build.0 = Release|Any CPU
		{BC75B2B6-A9FA-438E-85CD-F67AF9D18996}.Release|x64.ActiveCfg = Release|Any CPU
		{BC75B2B6-A9FA-438E-85CD-F67AF9D18996}.Release|x64.Build.0 = Release|Any CPU
		{BC75B2B6-A9FA-438E-85CD-F67AF9D18996}.Release|x86.ActiveCfg = Release|Any CPU
		{BC75B2B6-A9FA-438E-85CD-F67AF9D18996}.Release|x86.Build.0 = Release|Any CPU
		{BE23AB22-1662-4BEC-BAE1-6DEE7EDBE144}.Debug|Any CPU.ActiveCfg = Debug|Any CPU
		{BE23AB22-1662-4BEC-BAE1-6DEE7EDBE144}.Debug|Any CPU.Build.0 = Debug|Any CPU
		{BE23AB22-1662-4BEC-BAE1-6DEE7EDBE144}.Debug|x64.ActiveCfg = Debug|Any CPU
		{BE23AB22-1662-4BEC-BAE1-6DEE7EDBE144}.Debug|x64.Build.0 = Debug|Any CPU
		{BE23AB22-1662-4BEC-BAE1-6DEE7EDBE144}.Debug|x86.ActiveCfg = Debug|Any CPU
		{BE23AB22-1662-4BEC-BAE1-6DEE7EDBE144}.Debug|x86.Build.0 = Debug|Any CPU
		{BE23AB22-1662-4BEC-BAE1-6DEE7EDBE144}.Release|Any CPU.ActiveCfg = Release|Any CPU
		{BE23AB22-1662-4BEC-BAE1-6DEE7EDBE144}.Release|Any CPU.Build.0 = Release|Any CPU
		{BE23AB22-1662-4BEC-BAE1-6DEE7EDBE144}.Release|x64.ActiveCfg = Release|Any CPU
		{BE23AB22-1662-4BEC-BAE1-6DEE7EDBE144}.Release|x64.Build.0 = Release|Any CPU
		{BE23AB22-1662-4BEC-BAE1-6DEE7EDBE144}.Release|x86.ActiveCfg = Release|Any CPU
		{BE23AB22-1662-4BEC-BAE1-6DEE7EDBE144}.Release|x86.Build.0 = Release|Any CPU
		{16E8BEC8-9178-4312-9642-F387CAFD5695}.Debug|Any CPU.ActiveCfg = Debug|Any CPU
		{16E8BEC8-9178-4312-9642-F387CAFD5695}.Debug|Any CPU.Build.0 = Debug|Any CPU
		{16E8BEC8-9178-4312-9642-F387CAFD5695}.Debug|x64.ActiveCfg = Debug|Any CPU
		{16E8BEC8-9178-4312-9642-F387CAFD5695}.Debug|x64.Build.0 = Debug|Any CPU
		{16E8BEC8-9178-4312-9642-F387CAFD5695}.Debug|x86.ActiveCfg = Debug|Any CPU
		{16E8BEC8-9178-4312-9642-F387CAFD5695}.Debug|x86.Build.0 = Debug|Any CPU
		{16E8BEC8-9178-4312-9642-F387CAFD5695}.Release|Any CPU.ActiveCfg = Release|Any CPU
		{16E8BEC8-9178-4312-9642-F387CAFD5695}.Release|Any CPU.Build.0 = Release|Any CPU
		{16E8BEC8-9178-4312-9642-F387CAFD5695}.Release|x64.ActiveCfg = Release|Any CPU
		{16E8BEC8-9178-4312-9642-F387CAFD5695}.Release|x64.Build.0 = Release|Any CPU
		{16E8BEC8-9178-4312-9642-F387CAFD5695}.Release|x86.ActiveCfg = Release|Any CPU
		{16E8BEC8-9178-4312-9642-F387CAFD5695}.Release|x86.Build.0 = Release|Any CPU
		{75C58C2E-A88A-409F-93C3-8EA9BA13463C}.Debug|Any CPU.ActiveCfg = Debug|Any CPU
		{75C58C2E-A88A-409F-93C3-8EA9BA13463C}.Debug|Any CPU.Build.0 = Debug|Any CPU
		{75C58C2E-A88A-409F-93C3-8EA9BA13463C}.Debug|x64.ActiveCfg = Debug|Any CPU
		{75C58C2E-A88A-409F-93C3-8EA9BA13463C}.Debug|x64.Build.0 = Debug|Any CPU
		{75C58C2E-A88A-409F-93C3-8EA9BA13463C}.Debug|x86.ActiveCfg = Debug|Any CPU
		{75C58C2E-A88A-409F-93C3-8EA9BA13463C}.Debug|x86.Build.0 = Debug|Any CPU
		{75C58C2E-A88A-409F-93C3-8EA9BA13463C}.Release|Any CPU.ActiveCfg = Release|Any CPU
		{75C58C2E-A88A-409F-93C3-8EA9BA13463C}.Release|Any CPU.Build.0 = Release|Any CPU
		{75C58C2E-A88A-409F-93C3-8EA9BA13463C}.Release|x64.ActiveCfg = Release|Any CPU
		{75C58C2E-A88A-409F-93C3-8EA9BA13463C}.Release|x64.Build.0 = Release|Any CPU
		{75C58C2E-A88A-409F-93C3-8EA9BA13463C}.Release|x86.ActiveCfg = Release|Any CPU
		{75C58C2E-A88A-409F-93C3-8EA9BA13463C}.Release|x86.Build.0 = Release|Any CPU
		{D5479E3F-F28E-4B11-B030-5532315EB9EF}.Debug|Any CPU.ActiveCfg = Debug|Any CPU
		{D5479E3F-F28E-4B11-B030-5532315EB9EF}.Debug|Any CPU.Build.0 = Debug|Any CPU
		{D5479E3F-F28E-4B11-B030-5532315EB9EF}.Debug|x64.ActiveCfg = Debug|Any CPU
		{D5479E3F-F28E-4B11-B030-5532315EB9EF}.Debug|x64.Build.0 = Debug|Any CPU
		{D5479E3F-F28E-4B11-B030-5532315EB9EF}.Debug|x86.ActiveCfg = Debug|Any CPU
		{D5479E3F-F28E-4B11-B030-5532315EB9EF}.Debug|x86.Build.0 = Debug|Any CPU
		{D5479E3F-F28E-4B11-B030-5532315EB9EF}.Release|Any CPU.ActiveCfg = Release|Any CPU
		{D5479E3F-F28E-4B11-B030-5532315EB9EF}.Release|Any CPU.Build.0 = Release|Any CPU
		{D5479E3F-F28E-4B11-B030-5532315EB9EF}.Release|x64.ActiveCfg = Release|Any CPU
		{D5479E3F-F28E-4B11-B030-5532315EB9EF}.Release|x64.Build.0 = Release|Any CPU
		{D5479E3F-F28E-4B11-B030-5532315EB9EF}.Release|x86.ActiveCfg = Release|Any CPU
		{D5479E3F-F28E-4B11-B030-5532315EB9EF}.Release|x86.Build.0 = Release|Any CPU
		{3D8E9F38-DBE5-4F64-8B46-330993D7DC54}.Debug|Any CPU.ActiveCfg = Debug|Any CPU
		{3D8E9F38-DBE5-4F64-8B46-330993D7DC54}.Debug|Any CPU.Build.0 = Debug|Any CPU
		{3D8E9F38-DBE5-4F64-8B46-330993D7DC54}.Debug|x64.ActiveCfg = Debug|Any CPU
		{3D8E9F38-DBE5-4F64-8B46-330993D7DC54}.Debug|x64.Build.0 = Debug|Any CPU
		{3D8E9F38-DBE5-4F64-8B46-330993D7DC54}.Debug|x86.ActiveCfg = Debug|Any CPU
		{3D8E9F38-DBE5-4F64-8B46-330993D7DC54}.Debug|x86.Build.0 = Debug|Any CPU
		{3D8E9F38-DBE5-4F64-8B46-330993D7DC54}.Release|Any CPU.ActiveCfg = Release|Any CPU
		{3D8E9F38-DBE5-4F64-8B46-330993D7DC54}.Release|Any CPU.Build.0 = Release|Any CPU
		{3D8E9F38-DBE5-4F64-8B46-330993D7DC54}.Release|x64.ActiveCfg = Release|Any CPU
		{3D8E9F38-DBE5-4F64-8B46-330993D7DC54}.Release|x64.Build.0 = Release|Any CPU
		{3D8E9F38-DBE5-4F64-8B46-330993D7DC54}.Release|x86.ActiveCfg = Release|Any CPU
		{3D8E9F38-DBE5-4F64-8B46-330993D7DC54}.Release|x86.Build.0 = Release|Any CPU
	EndGlobalSection
	GlobalSection(SolutionProperties) = preSolution
		HideSolutionNode = FALSE
	EndGlobalSection
EndGlobal
